// !$*UTF8*$!
{
	archiveVersion = 1;
	classes = {
	};
	objectVersion = 56;
	objects = {

/* Begin PBXBuildFile section */
		EA8E53072B711CFF004F4772 /* AppDelegate.swift in Sources */ = {isa = PBXBuildFile; fileRef = EA8E53062B711CFF004F4772 /* AppDelegate.swift */; };
		EA8E53092B711CFF004F4772 /* SceneDelegate.swift in Sources */ = {isa = PBXBuildFile; fileRef = EA8E53082B711CFF004F4772 /* SceneDelegate.swift */; };
		EA8E530B2B711CFF004F4772 /* ViewController.swift in Sources */ = {isa = PBXBuildFile; fileRef = EA8E530A2B711CFF004F4772 /* ViewController.swift */; };
		EA8E530E2B711CFF004F4772 /* Main.storyboard in Resources */ = {isa = PBXBuildFile; fileRef = EA8E530C2B711CFF004F4772 /* Main.storyboard */; };
		EA8E53102B711CFF004F4772 /* Assets.xcassets in Resources */ = {isa = PBXBuildFile; fileRef = EA8E530F2B711CFF004F4772 /* Assets.xcassets */; };
		EA8E53132B711CFF004F4772 /* LaunchScreen.storyboard in Resources */ = {isa = PBXBuildFile; fileRef = EA8E53112B711CFF004F4772 /* LaunchScreen.storyboard */; };
		EA8E531E2B711CFF004F4772 /* timerTests.swift in Sources */ = {isa = PBXBuildFile; fileRef = EA8E531D2B711CFF004F4772 /* timerTests.swift */; };
		EA8E53282B711CFF004F4772 /* timerUITests.swift in Sources */ = {isa = PBXBuildFile; fileRef = EA8E53272B711CFF004F4772 /* timerUITests.swift */; };
		EA8E532A2B711CFF004F4772 /* timerUITestsLaunchTests.swift in Sources */ = {isa = PBXBuildFile; fileRef = EA8E53292B711CFF004F4772 /* timerUITestsLaunchTests.swift */; };
/* End PBXBuildFile section */

/* Begin PBXContainerItemProxy section */
		EA8E531A2B711CFF004F4772 /* PBXContainerItemProxy */ = {
			isa = PBXContainerItemProxy;
			containerPortal = EA8E52FB2B711CFE004F4772 /* Project object */;
			proxyType = 1;
			remoteGlobalIDString = EA8E53022B711CFE004F4772;
			remoteInfo = timer;
		};
		EA8E53242B711CFF004F4772 /* PBXContainerItemProxy */ = {
			isa = PBXContainerItemProxy;
			containerPortal = EA8E52FB2B711CFE004F4772 /* Project object */;
			proxyType = 1;
			remoteGlobalIDString = EA8E53022B711CFE004F4772;
			remoteInfo = timer;
		};
/* End PBXContainerItemProxy section */

/* Begin PBXFileReference section */
		EA8E53032B711CFF004F4772 /* timer.app */ = {isa = PBXFileReference; explicitFileType = wrapper.application; includeInIndex = 0; path = timer.app; sourceTree = BUILT_PRODUCTS_DIR; };
		EA8E53062B711CFF004F4772 /* AppDelegate.swift */ = {isa = PBXFileReference; lastKnownFileType = sourcecode.swift; path = AppDelegate.swift; sourceTree = "<group>"; };
		EA8E53082B711CFF004F4772 /* SceneDelegate.swift */ = {isa = PBXFileReference; lastKnownFileType = sourcecode.swift; path = SceneDelegate.swift; sourceTree = "<group>"; };
		EA8E530A2B711CFF004F4772 /* ViewController.swift */ = {isa = PBXFileReference; lastKnownFileType = sourcecode.swift; path = ViewController.swift; sourceTree = "<group>"; };
		EA8E530D2B711CFF004F4772 /* Base */ = {isa = PBXFileReference; lastKnownFileType = file.storyboard; name = Base; path = Base.lproj/Main.storyboard; sourceTree = "<group>"; };
		EA8E530F2B711CFF004F4772 /* Assets.xcassets */ = {isa = PBXFileReference; lastKnownFileType = folder.assetcatalog; path = Assets.xcassets; sourceTree = "<group>"; };
		EA8E53122B711CFF004F4772 /* Base */ = {isa = PBXFileReference; lastKnownFileType = file.storyboard; name = Base; path = Base.lproj/LaunchScreen.storyboard; sourceTree = "<group>"; };
		EA8E53142B711CFF004F4772 /* Info.plist */ = {isa = PBXFileReference; lastKnownFileType = text.plist.xml; path = Info.plist; sourceTree = "<group>"; };
		EA8E53192B711CFF004F4772 /* timerTests.xctest */ = {isa = PBXFileReference; explicitFileType = wrapper.cfbundle; includeInIndex = 0; path = timerTests.xctest; sourceTree = BUILT_PRODUCTS_DIR; };
		EA8E531D2B711CFF004F4772 /* timerTests.swift */ = {isa = PBXFileReference; lastKnownFileType = sourcecode.swift; path = timerTests.swift; sourceTree = "<group>"; };
		EA8E53232B711CFF004F4772 /* timerUITests.xctest */ = {isa = PBXFileReference; explicitFileType = wrapper.cfbundle; includeInIndex = 0; path = timerUITests.xctest; sourceTree = BUILT_PRODUCTS_DIR; };
		EA8E53272B711CFF004F4772 /* timerUITests.swift */ = {isa = PBXFileReference; lastKnownFileType = sourcecode.swift; path = timerUITests.swift; sourceTree = "<group>"; };
		EA8E53292B711CFF004F4772 /* timerUITestsLaunchTests.swift */ = {isa = PBXFileReference; lastKnownFileType = sourcecode.swift; path = timerUITestsLaunchTests.swift; sourceTree = "<group>"; };
/* End PBXFileReference section */

/* Begin PBXFrameworksBuildPhase section */
		EA8E53002B711CFE004F4772 /* Frameworks */ = {
			isa = PBXFrameworksBuildPhase;
			buildActionMask = 2147483647;
			files = (
			);
			runOnlyForDeploymentPostprocessing = 0;
		};
		EA8E53162B711CFF004F4772 /* Frameworks */ = {
			isa = PBXFrameworksBuildPhase;
			buildActionMask = 2147483647;
			files = (
			);
			runOnlyForDeploymentPostprocessing = 0;
		};
		EA8E53202B711CFF004F4772 /* Frameworks */ = {
			isa = PBXFrameworksBuildPhase;
			buildActionMask = 2147483647;
			files = (
			);
			runOnlyForDeploymentPostprocessing = 0;
		};
/* End PBXFrameworksBuildPhase section */

/* Begin PBXGroup section */
		EA8E52FA2B711CFE004F4772 = {
			isa = PBXGroup;
			children = (
				EA8E53052B711CFF004F4772 /* timer */,
				EA8E531C2B711CFF004F4772 /* timerTests */,
				EA8E53262B711CFF004F4772 /* timerUITests */,
				EA8E53042B711CFF004F4772 /* Products */,
			);
			sourceTree = "<group>";
		};
		EA8E53042B711CFF004F4772 /* Products */ = {
			isa = PBXGroup;
			children = (
				EA8E53032B711CFF004F4772 /* timer.app */,
				EA8E53192B711CFF004F4772 /* timerTests.xctest */,
				EA8E53232B711CFF004F4772 /* timerUITests.xctest */,
			);
			name = Products;
			sourceTree = "<group>";
		};
		EA8E53052B711CFF004F4772 /* timer */ = {
			isa = PBXGroup;
			children = (
				EA8E53062B711CFF004F4772 /* AppDelegate.swift */,
				EA8E53082B711CFF004F4772 /* SceneDelegate.swift */,
				EA8E530A2B711CFF004F4772 /* ViewController.swift */,
				EA8E530C2B711CFF004F4772 /* Main.storyboard */,
				EA8E530F2B711CFF004F4772 /* Assets.xcassets */,
				EA8E53112B711CFF004F4772 /* LaunchScreen.storyboard */,
				EA8E53142B711CFF004F4772 /* Info.plist */,
			);
			path = timer;
			sourceTree = "<group>";
		};
		EA8E531C2B711CFF004F4772 /* timerTests */ = {
			isa = PBXGroup;
			children = (
				EA8E531D2B711CFF004F4772 /* timerTests.swift */,
			);
			path = timerTests;
			sourceTree = "<group>";
		};
		EA8E53262B711CFF004F4772 /* timerUITests */ = {
			isa = PBXGroup;
			children = (
				EA8E53272B711CFF004F4772 /* timerUITests.swift */,
				EA8E53292B711CFF004F4772 /* timerUITestsLaunchTests.swift */,
			);
			path = timerUITests;
			sourceTree = "<group>";
		};
/* End PBXGroup section */

/* Begin PBXNativeTarget section */
		EA8E53022B711CFE004F4772 /* timer */ = {
			isa = PBXNativeTarget;
			buildConfigurationList = EA8E532D2B711CFF004F4772 /* Build configuration list for PBXNativeTarget "timer" */;
			buildPhases = (
				EA8E52FF2B711CFE004F4772 /* Sources */,
				EA8E53002B711CFE004F4772 /* Frameworks */,
				EA8E53012B711CFE004F4772 /* Resources */,
			);
			buildRules = (
			);
			dependencies = (
			);
			name = timer;
			productName = timer;
			productReference = EA8E53032B711CFF004F4772 /* timer.app */;
			productType = "com.apple.product-type.application";
		};
		EA8E53182B711CFF004F4772 /* timerTests */ = {
			isa = PBXNativeTarget;
			buildConfigurationList = EA8E53302B711CFF004F4772 /* Build configuration list for PBXNativeTarget "timerTests" */;
			buildPhases = (
				EA8E53152B711CFF004F4772 /* Sources */,
				EA8E53162B711CFF004F4772 /* Frameworks */,
				EA8E53172B711CFF004F4772 /* Resources */,
			);
			buildRules = (
			);
			dependencies = (
				EA8E531B2B711CFF004F4772 /* PBXTargetDependency */,
			);
			name = timerTests;
			productName = timerTests;
			productReference = EA8E53192B711CFF004F4772 /* timerTests.xctest */;
			productType = "com.apple.product-type.bundle.unit-test";
		};
		EA8E53222B711CFF004F4772 /* timerUITests */ = {
			isa = PBXNativeTarget;
			buildConfigurationList = EA8E53332B711CFF004F4772 /* Build configuration list for PBXNativeTarget "timerUITests" */;
			buildPhases = (
				EA8E531F2B711CFF004F4772 /* Sources */,
				EA8E53202B711CFF004F4772 /* Frameworks */,
				EA8E53212B711CFF004F4772 /* Resources */,
			);
			buildRules = (
			);
			dependencies = (
				EA8E53252B711CFF004F4772 /* PBXTargetDependency */,
			);
			name = timerUITests;
			productName = timerUITests;
			productReference = EA8E53232B711CFF004F4772 /* timerUITests.xctest */;
			productType = "com.apple.product-type.bundle.ui-testing";
		};
/* End PBXNativeTarget section */

/* Begin PBXProject section */
		EA8E52FB2B711CFE004F4772 /* Project object */ = {
			isa = PBXProject;
			attributes = {
				BuildIndependentTargetsInParallel = 1;
				LastSwiftUpdateCheck = 1430;
				LastUpgradeCheck = 1430;
				TargetAttributes = {
					EA8E53022B711CFE004F4772 = {
						CreatedOnToolsVersion = 14.3.1;
					};
					EA8E53182B711CFF004F4772 = {
						CreatedOnToolsVersion = 14.3.1;
						TestTargetID = EA8E53022B711CFE004F4772;
					};
					EA8E53222B711CFF004F4772 = {
						CreatedOnToolsVersion = 14.3.1;
						TestTargetID = EA8E53022B711CFE004F4772;
					};
				};
			};
			buildConfigurationList = EA8E52FE2B711CFE004F4772 /* Build configuration list for PBXProject "timer" */;
			compatibilityVersion = "Xcode 14.0";
			developmentRegion = en;
			hasScannedForEncodings = 0;
			knownRegions = (
				en,
				Base,
			);
			mainGroup = EA8E52FA2B711CFE004F4772;
			productRefGroup = EA8E53042B711CFF004F4772 /* Products */;
			projectDirPath = "";
			projectRoot = "";
			targets = (
				EA8E53022B711CFE004F4772 /* timer */,
				EA8E53182B711CFF004F4772 /* timerTests */,
				EA8E53222B711CFF004F4772 /* timerUITests */,
			);
		};
/* End PBXProject section */

/* Begin PBXResourcesBuildPhase section */
		EA8E53012B711CFE004F4772 /* Resources */ = {
			isa = PBXResourcesBuildPhase;
			buildActionMask = 2147483647;
			files = (
				EA8E53132B711CFF004F4772 /* LaunchScreen.storyboard in Resources */,
				EA8E53102B711CFF004F4772 /* Assets.xcassets in Resources */,
				EA8E530E2B711CFF004F4772 /* Main.storyboard in Resources */,
			);
			runOnlyForDeploymentPostprocessing = 0;
		};
		EA8E53172B711CFF004F4772 /* Resources */ = {
			isa = PBXResourcesBuildPhase;
			buildActionMask = 2147483647;
			files = (
			);
			runOnlyForDeploymentPostprocessing = 0;
		};
		EA8E53212B711CFF004F4772 /* Resources */ = {
			isa = PBXResourcesBuildPhase;
			buildActionMask = 2147483647;
			files = (
			);
			runOnlyForDeploymentPostprocessing = 0;
		};
/* End PBXResourcesBuildPhase section */

/* Begin PBXSourcesBuildPhase section */
		EA8E52FF2B711CFE004F4772 /* Sources */ = {
			isa = PBXSourcesBuildPhase;
			buildActionMask = 2147483647;
			files = (
				EA8E530B2B711CFF004F4772 /* ViewController.swift in Sources */,
				EA8E53072B711CFF004F4772 /* AppDelegate.swift in Sources */,
				EA8E53092B711CFF004F4772 /* SceneDelegate.swift in Sources */,
			);
			runOnlyForDeploymentPostprocessing = 0;
		};
		EA8E53152B711CFF004F4772 /* Sources */ = {
			isa = PBXSourcesBuildPhase;
			buildActionMask = 2147483647;
			files = (
				EA8E531E2B711CFF004F4772 /* timerTests.swift in Sources */,
			);
			runOnlyForDeploymentPostprocessing = 0;
		};
		EA8E531F2B711CFF004F4772 /* Sources */ = {
			isa = PBXSourcesBuildPhase;
			buildActionMask = 2147483647;
			files = (
				EA8E532A2B711CFF004F4772 /* timerUITestsLaunchTests.swift in Sources */,
				EA8E53282B711CFF004F4772 /* timerUITests.swift in Sources */,
			);
			runOnlyForDeploymentPostprocessing = 0;
		};
/* End PBXSourcesBuildPhase section */

/* Begin PBXTargetDependency section */
		EA8E531B2B711CFF004F4772 /* PBXTargetDependency */ = {
			isa = PBXTargetDependency;
			target = EA8E53022B711CFE004F4772 /* timer */;
			targetProxy = EA8E531A2B711CFF004F4772 /* PBXContainerItemProxy */;
		};
		EA8E53252B711CFF004F4772 /* PBXTargetDependency */ = {
			isa = PBXTargetDependency;
			target = EA8E53022B711CFE004F4772 /* timer */;
			targetProxy = EA8E53242B711CFF004F4772 /* PBXContainerItemProxy */;
		};
/* End PBXTargetDependency section */

/* Begin PBXVariantGroup section */
		EA8E530C2B711CFF004F4772 /* Main.storyboard */ = {
			isa = PBXVariantGroup;
			children = (
				EA8E530D2B711CFF004F4772 /* Base */,
			);
			name = Main.storyboard;
			sourceTree = "<group>";
		};
		EA8E53112B711CFF004F4772 /* LaunchScreen.storyboard */ = {
			isa = PBXVariantGroup;
			children = (
				EA8E53122B711CFF004F4772 /* Base */,
			);
			name = LaunchScreen.storyboard;
			sourceTree = "<group>";
		};
/* End PBXVariantGroup section */

/* Begin XCBuildConfiguration section */
		EA8E532B2B711CFF004F4772 /* Debug */ = {
			isa = XCBuildConfiguration;
			buildSettings = {
				ALWAYS_SEARCH_USER_PATHS = NO;
				CLANG_ANALYZER_NONNULL = YES;
				CLANG_ANALYZER_NUMBER_OBJECT_CONVERSION = YES_AGGRESSIVE;
				CLANG_CXX_LANGUAGE_STANDARD = "gnu++20";
				CLANG_ENABLE_MODULES = YES;
				CLANG_ENABLE_OBJC_ARC = YES;
				CLANG_ENABLE_OBJC_WEAK = YES;
				CLANG_WARN_BLOCK_CAPTURE_AUTORELEASING = YES;
				CLANG_WARN_BOOL_CONVERSION = YES;
				CLANG_WARN_COMMA = YES;
				CLANG_WARN_CONSTANT_CONVERSION = YES;
				CLANG_WARN_DEPRECATED_OBJC_IMPLEMENTATIONS = YES;
				CLANG_WARN_DIRECT_OBJC_ISA_USAGE = YES_ERROR;
				CLANG_WARN_DOCUMENTATION_COMMENTS = YES;
				CLANG_WARN_EMPTY_BODY = YES;
				CLANG_WARN_ENUM_CONVERSION = YES;
				CLANG_WARN_INFINITE_RECURSION = YES;
				CLANG_WARN_INT_CONVERSION = YES;
				CLANG_WARN_NON_LITERAL_NULL_CONVERSION = YES;
				CLANG_WARN_OBJC_IMPLICIT_RETAIN_SELF = YES;
				CLANG_WARN_OBJC_LITERAL_CONVERSION = YES;
				CLANG_WARN_OBJC_ROOT_CLASS = YES_ERROR;
				CLANG_WARN_QUOTED_INCLUDE_IN_FRAMEWORK_HEADER = YES;
				CLANG_WARN_RANGE_LOOP_ANALYSIS = YES;
				CLANG_WARN_STRICT_PROTOTYPES = YES;
				CLANG_WARN_SUSPICIOUS_MOVE = YES;
				CLANG_WARN_UNGUARDED_AVAILABILITY = YES_AGGRESSIVE;
				CLANG_WARN_UNREACHABLE_CODE = YES;
				CLANG_WARN__DUPLICATE_METHOD_MATCH = YES;
				COPY_PHASE_STRIP = NO;
				DEBUG_INFORMATION_FORMAT = dwarf;
				ENABLE_STRICT_OBJC_MSGSEND = YES;
				ENABLE_TESTABILITY = YES;
				GCC_C_LANGUAGE_STANDARD = gnu11;
				GCC_DYNAMIC_NO_PIC = NO;
				GCC_NO_COMMON_BLOCKS = YES;
				GCC_OPTIMIZATION_LEVEL = 0;
				GCC_PREPROCESSOR_DEFINITIONS = (
					"DEBUG=1",
					"$(inherited)",
				);
				GCC_WARN_64_TO_32_BIT_CONVERSION = YES;
				GCC_WARN_ABOUT_RETURN_TYPE = YES_ERROR;
				GCC_WARN_UNDECLARED_SELECTOR = YES;
				GCC_WARN_UNINITIALIZED_AUTOS = YES_AGGRESSIVE;
				GCC_WARN_UNUSED_FUNCTION = YES;
				GCC_WARN_UNUSED_VARIABLE = YES;
				IPHONEOS_DEPLOYMENT_TARGET = 16.4;
				MTL_ENABLE_DEBUG_INFO = INCLUDE_SOURCE;
				MTL_FAST_MATH = YES;
				ONLY_ACTIVE_ARCH = YES;
				SDKROOT = iphoneos;
				SWIFT_ACTIVE_COMPILATION_CONDITIONS = DEBUG;
				SWIFT_OPTIMIZATION_LEVEL = "-Onone";
			};
			name = Debug;
		};
		EA8E532C2B711CFF004F4772 /* Release */ = {
			isa = XCBuildConfiguration;
			buildSettings = {
				ALWAYS_SEARCH_USER_PATHS = NO;
				CLANG_ANALYZER_NONNULL = YES;
				CLANG_ANALYZER_NUMBER_OBJECT_CONVERSION = YES_AGGRESSIVE;
				CLANG_CXX_LANGUAGE_STANDARD = "gnu++20";
				CLANG_ENABLE_MODULES = YES;
				CLANG_ENABLE_OBJC_ARC = YES;
				CLANG_ENABLE_OBJC_WEAK = YES;
				CLANG_WARN_BLOCK_CAPTURE_AUTORELEASING = YES;
				CLANG_WARN_BOOL_CONVERSION = YES;
				CLANG_WARN_COMMA = YES;
				CLANG_WARN_CONSTANT_CONVERSION = YES;
				CLANG_WARN_DEPRECATED_OBJC_IMPLEMENTATIONS = YES;
				CLANG_WARN_DIRECT_OBJC_ISA_USAGE = YES_ERROR;
				CLANG_WARN_DOCUMENTATION_COMMENTS = YES;
				CLANG_WARN_EMPTY_BODY = YES;
				CLANG_WARN_ENUM_CONVERSION = YES;
				CLANG_WARN_INFINITE_RECURSION = YES;
				CLANG_WARN_INT_CONVERSION = YES;
				CLANG_WARN_NON_LITERAL_NULL_CONVERSION = YES;
				CLANG_WARN_OBJC_IMPLICIT_RETAIN_SELF = YES;
				CLANG_WARN_OBJC_LITERAL_CONVERSION = YES;
				CLANG_WARN_OBJC_ROOT_CLASS = YES_ERROR;
				CLANG_WARN_QUOTED_INCLUDE_IN_FRAMEWORK_HEADER = YES;
				CLANG_WARN_RANGE_LOOP_ANALYSIS = YES;
				CLANG_WARN_STRICT_PROTOTYPES = YES;
				CLANG_WARN_SUSPICIOUS_MOVE = YES;
				CLANG_WARN_UNGUARDED_AVAILABILITY = YES_AGGRESSIVE;
				CLANG_WARN_UNREACHABLE_CODE = YES;
				CLANG_WARN__DUPLICATE_METHOD_MATCH = YES;
				COPY_PHASE_STRIP = NO;
				DEBUG_INFORMATION_FORMAT = "dwarf-with-dsym";
				ENABLE_NS_ASSERTIONS = NO;
				ENABLE_STRICT_OBJC_MSGSEND = YES;
				GCC_C_LANGUAGE_STANDARD = gnu11;
				GCC_NO_COMMON_BLOCKS = YES;
				GCC_WARN_64_TO_32_BIT_CONVERSION = YES;
				GCC_WARN_ABOUT_RETURN_TYPE = YES_ERROR;
				GCC_WARN_UNDECLARED_SELECTOR = YES;
				GCC_WARN_UNINITIALIZED_AUTOS = YES_AGGRESSIVE;
				GCC_WARN_UNUSED_FUNCTION = YES;
				GCC_WARN_UNUSED_VARIABLE = YES;
				IPHONEOS_DEPLOYMENT_TARGET = 16.4;
				MTL_ENABLE_DEBUG_INFO = NO;
				MTL_FAST_MATH = YES;
				SDKROOT = iphoneos;
				SWIFT_COMPILATION_MODE = wholemodule;
				SWIFT_OPTIMIZATION_LEVEL = "-O";
				VALIDATE_PRODUCT = YES;
			};
			name = Release;
		};
		EA8E532E2B711CFF004F4772 /* Debug */ = {
			isa = XCBuildConfiguration;
			buildSettings = {
				ASSETCATALOG_COMPILER_APPICON_NAME = AppIcon;
				ASSETCATALOG_COMPILER_GLOBAL_ACCENT_COLOR_NAME = AccentColor;
				CODE_SIGN_STYLE = Automatic;
				CURRENT_PROJECT_VERSION = 1;
				GENERATE_INFOPLIST_FILE = YES;
				INFOPLIST_FILE = timer/Info.plist;
				INFOPLIST_KEY_UIApplicationSupportsIndirectInputEvents = YES;
				INFOPLIST_KEY_UILaunchStoryboardName = LaunchScreen;
				INFOPLIST_KEY_UIMainStoryboardFile = Main;
				INFOPLIST_KEY_UISupportedInterfaceOrientations_iPad = "UIInterfaceOrientationPortrait UIInterfaceOrientationPortraitUpsideDown UIInterfaceOrientationLandscapeLeft UIInterfaceOrientationLandscapeRight";
				INFOPLIST_KEY_UISupportedInterfaceOrientations_iPhone = "UIInterfaceOrientationPortrait UIInterfaceOrientationLandscapeLeft UIInterfaceOrientationLandscapeRight";
				LD_RUNPATH_SEARCH_PATHS = (
					"$(inherited)",
					"@executable_path/Frameworks",
				);
				MARKETING_VERSION = 1.0;
				PRODUCT_BUNDLE_IDENTIFIER = edu.mdc.timer;
				PRODUCT_NAME = "$(TARGET_NAME)";
				SWIFT_EMIT_LOC_STRINGS = YES;
				SWIFT_VERSION = 5.0;
				TARGETED_DEVICE_FAMILY = "1,2";
			};
			name = Debug;
		};
		EA8E532F2B711CFF004F4772 /* Release */ = {
			isa = XCBuildConfiguration;
			buildSettings = {
				ASSETCATALOG_COMPILER_APPICON_NAME = AppIcon;
				ASSETCATALOG_COMPILER_GLOBAL_ACCENT_COLOR_NAME = AccentColor;
				CODE_SIGN_STYLE = Automatic;
				CURRENT_PROJECT_VERSION = 1;
				GENERATE_INFOPLIST_FILE = YES;
				INFOPLIST_FILE = timer/Info.plist;
				INFOPLIST_KEY_UIApplicationSupportsIndirectInputEvents = YES;
				INFOPLIST_KEY_UILaunchStoryboardName = LaunchScreen;
				INFOPLIST_KEY_UIMainStoryboardFile = Main;
				INFOPLIST_KEY_UISupportedInterfaceOrientations_iPad = "UIInterfaceOrientationPortrait UIInterfaceOrientationPortraitUpsideDown UIInterfaceOrientationLandscapeLeft UIInterfaceOrientationLandscapeRight";
				INFOPLIST_KEY_UISupportedInterfaceOrientations_iPhone = "UIInterfaceOrientationPortrait UIInterfaceOrientationLandscapeLeft UIInterfaceOrientationLandscapeRight";
				LD_RUNPATH_SEARCH_PATHS = (
					"$(inherited)",
					"@executable_path/Frameworks",
				);
				MARKETING_VERSION = 1.0;
				PRODUCT_BUNDLE_IDENTIFIER = edu.mdc.timer;
				PRODUCT_NAME = "$(TARGET_NAME)";
				SWIFT_EMIT_LOC_STRINGS = YES;
				SWIFT_VERSION = 5.0;
				TARGETED_DEVICE_FAMILY = "1,2";
			};
			name = Release;
		};
		EA8E53312B711CFF004F4772 /* Debug */ = {
			isa = XCBuildConfiguration;
			buildSettings = {
				ALWAYS_EMBED_SWIFT_STANDARD_LIBRARIES = YES;
				BUNDLE_LOADER = "$(TEST_HOST)";
				CODE_SIGN_STYLE = Automatic;
				CURRENT_PROJECT_VERSION = 1;
				GENERATE_INFOPLIST_FILE = YES;
				IPHONEOS_DEPLOYMENT_TARGET = 16.4;
				MARKETING_VERSION = 1.0;
				PRODUCT_BUNDLE_IDENTIFIER = edu.mdc.timerTests;
				PRODUCT_NAME = "$(TARGET_NAME)";
				SWIFT_EMIT_LOC_STRINGS = NO;
				SWIFT_VERSION = 5.0;
				TARGETED_DEVICE_FAMILY = "1,2";
				TEST_HOST = "$(BUILT_PRODUCTS_DIR)/timer.app/$(BUNDLE_EXECUTABLE_FOLDER_PATH)/timer";
			};
			name = Debug;
		};
		EA8E53322B711CFF004F4772 /* Release */ = {
			isa = XCBuildConfiguration;
			buildSettings = {
				ALWAYS_EMBED_SWIFT_STANDARD_LIBRARIES = YES;
				BUNDLE_LOADER = "$(TEST_HOST)";
				CODE_SIGN_STYLE = Automatic;
				CURRENT_PROJECT_VERSION = 1;
				GENERATE_INFOPLIST_FILE = YES;
				IPHONEOS_DEPLOYMENT_TARGET = 16.4;
				MARKETING_VERSION = 1.0;
				PRODUCT_BUNDLE_IDENTIFIER = edu.mdc.timerTests;
				PRODUCT_NAME = "$(TARGET_NAME)";
				SWIFT_EMIT_LOC_STRINGS = NO;
				SWIFT_VERSION = 5.0;
				TARGETED_DEVICE_FAMILY = "1,2";
				TEST_HOST = "$(BUILT_PRODUCTS_DIR)/timer.app/$(BUNDLE_EXECUTABLE_FOLDER_PATH)/timer";
			};
			name = Release;
		};
		EA8E53342B711CFF004F4772 /* Debug */ = {
			isa = XCBuildConfiguration;
			buildSettings = {
				ALWAYS_EMBED_SWIFT_STANDARD_LIBRARIES = YES;
				CODE_SIGN_STYLE = Automatic;
				CURRENT_PROJECT_VERSION = 1;
				GENERATE_INFOPLIST_FILE = YES;
				MARKETING_VERSION = 1.0;
				PRODUCT_BUNDLE_IDENTIFIER = edu.mdc.timerUITests;
				PRODUCT_NAME = "$(TARGET_NAME)";
				SWIFT_EMIT_LOC_STRINGS = NO;
				SWIFT_VERSION = 5.0;
				TARGETED_DEVICE_FAMILY = "1,2";
				TEST_TARGET_NAME = timer;
			};
			name = Debug;
		};
		EA8E53352B711CFF004F4772 /* Release */ = {
			isa = XCBuildConfiguration;
			buildSettings = {
				ALWAYS_EMBED_SWIFT_STANDARD_LIBRARIES = YES;
				CODE_SIGN_STYLE = Automatic;
				CURRENT_PROJECT_VERSION = 1;
				GENERATE_INFOPLIST_FILE = YES;
				MARKETING_VERSION = 1.0;
				PRODUCT_BUNDLE_IDENTIFIER = edu.mdc.timerUITests;
				PRODUCT_NAME = "$(TARGET_NAME)";
				SWIFT_EMIT_LOC_STRINGS = NO;
				SWIFT_VERSION = 5.0;
				TARGETED_DEVICE_FAMILY = "1,2";
				TEST_TARGET_NAME = timer;
			};
			name = Release;
		};
/* End XCBuildConfiguration section */

/* Begin XCConfigurationList section */
		EA8E52FE2B711CFE004F4772 /* Build configuration list for PBXProject "timer" */ = {
			isa = XCConfigurationList;
			buildConfigurations = (
				EA8E532B2B711CFF004F4772 /* Debug */,
				EA8E532C2B711CFF004F4772 /* Release */,
			);
			defaultConfigurationIsVisible = 0;
			defaultConfigurationName = Release;
		};
		EA8E532D2B711CFF004F4772 /* Build configuration list for PBXNativeTarget "timer" */ = {
			isa = XCConfigurationList;
			buildConfigurations = (
				EA8E532E2B711CFF004F4772 /* Debug */,
				EA8E532F2B711CFF004F4772 /* Release */,
			);
			defaultConfigurationIsVisible = 0;
			defaultConfigurationName = Release;
		};
		EA8E53302B711CFF004F4772 /* Build configuration list for PBXNativeTarget "timerTests" */ = {
			isa = XCConfigurationList;
			buildConfigurations = (
				EA8E53312B711CFF004F4772 /* Debug */,
				EA8E53322B711CFF004F4772 /* Release */,
			);
			defaultConfigurationIsVisible = 0;
			defaultConfigurationName = Release;
		};
		EA8E53332B711CFF004F4772 /* Build configuration list for PBXNativeTarget "timerUITests" */ = {
			isa = XCConfigurationList;
			buildConfigurations = (
				EA8E53342B711CFF004F4772 /* Debug */,
				EA8E53352B711CFF004F4772 /* Release */,
			);
			defaultConfigurationIsVisible = 0;
			defaultConfigurationName = Release;
		};
/* End XCConfigurationList section */
	};
	rootObject = EA8E52FB2B711CFE004F4772 /* Project object */;
}
